
Microsoft Visual Studio Solution File, Format Version 12.00
# Visual Studio 15
VisualStudioVersion = 15.0.26430.14
MinimumVisualStudioVersion = 10.0.40219.1
Project("{FAE04EC0-301F-11D3-BF4B-00C04F79EFBC}") = "TestSend", "TestSend\TestSend.csproj", "{72C1E965-AD1B-4727-A0A3-CC00947A4DFE}"
EndProject
Project("{FAE04EC0-301F-11D3-BF4B-00C04F79EFBC}") = "TestReceive", "TestReceive\TestReceive.csproj", "{DE9842BD-E905-4D9C-BBC2-F0FDB6712B85}"
EndProject
Project("{FAE04EC0-301F-11D3-BF4B-00C04F79EFBC}") = "TestReceive2", "TestReceive2\TestReceive2.csproj", "{B2B0FAE0-8B98-4C57-9535-77FD05B8D2C8}"
EndProject
Global
	GlobalSection(SolutionConfigurationPlatforms) = preSolution
		Debug|Any CPU = Debug|Any CPU
		Release|Any CPU = Release|Any CPU
	EndGlobalSection
	GlobalSection(ProjectConfigurationPlatforms) = postSolution
		{72C1E965-AD1B-4727-A0A3-CC00947A4DFE}.Debug|Any CPU.ActiveCfg = Debug|Any CPU
		{72C1E965-AD1B-4727-A0A3-CC00947A4DFE}.Debug|Any CPU.Build.0 = Debug|Any CPU
		{72C1E965-AD1B-4727-A0A3-CC00947A4DFE}.Release|Any CPU.ActiveCfg = Release|Any CPU
		{72C1E965-AD1B-4727-A0A3-CC00947A4DFE}.Release|Any CPU.Build.0 = Release|Any CPU
		{DE9842BD-E905-4D9C-BBC2-F0FDB6712B85}.Debug|Any CPU.ActiveCfg = Debug|Any CPU
		{DE9842BD-E905-4D9C-BBC2-F0FDB6712B85}.Debug|Any CPU.Build.0 = Debug|Any CPU
		{DE9842BD-E905-4D9C-BBC2-F0FDB6712B85}.Release|Any CPU.ActiveCfg = Release|Any CPU
		{DE9842BD-E905-4D9C-BBC2-F0FDB6712B85}.Release|Any CPU.Build.0 = Release|Any CPU
		{B2B0FAE0-8B98-4C57-9535-77FD05B8D2C8}.Debug|Any CPU.ActiveCfg = Debug|Any CPU
		{B2B0FAE0-8B98-4C57-9535-77FD05B8D2C8}.Debug|Any CPU.Build.0 = Debug|Any CPU
		{B2B0FAE0-8B98-4C57-9535-77FD05B8D2C8}.Release|Any CPU.ActiveCfg = Release|Any CPU
		{B2B0FAE0-8B98-4C57-9535-77FD05B8D2C8}.Release|Any CPU.Build.0 = Release|Any CPU
	EndGlobalSection
	GlobalSection(SolutionProperties) = preSolution
		HideSolutionNode = FALSE
	EndGlobalSection
EndGlobal
